
Microsoft Visual Studio Solution File, Format Version 12.00
Project("{F2A71F9B-5D33-465A-A702-920D77279786}") = "FMsgStat", "FMsgStat\FMsgStat.fsproj", "{556AFB6A-F292-4815-8A01-98ED68A014BA}"
EndProject
Global
	GlobalSection(SolutionConfigurationPlatforms) = preSolution
		Debug|Any CPU = Debug|Any CPU
		Release|Any CPU = Release|Any CPU
	EndGlobalSection
	GlobalSection(ProjectConfigurationPlatforms) = postSolution
		{556AFB6A-F292-4815-8A01-98ED68A014BA}.Debug|Any CPU.ActiveCfg = Debug|Any CPU
		{556AFB6A-F292-4815-8A01-98ED68A014BA}.Debug|Any CPU.Build.0 = Debug|Any CPU
		{556AFB6A-F292-4815-8A01-98ED68A014BA}.Release|Any CPU.ActiveCfg = Release|Any CPU
		{556AFB6A-F292-4815-8A01-98ED68A014BA}.Release|Any CPU.Build.0 = Release|Any CPU
	EndGlobalSection
EndGlobal
